
Microsoft Visual Studio Solution File, Format Version 12.00
# Visual Studio Version 17
VisualStudioVersion = 17.9.34902.65
MinimumVisualStudioVersion = 10.0.40219.1
Project("{FAE04EC0-301F-11D3-BF4B-00C04F79EFBC}") = "MVC_Project", "MVC_Project\MVC_Project.csproj", "{EE911ADC-810D-4893-9D14-CFCDF7725FA8}"
EndProject
Global
	GlobalSection(SolutionConfigurationPlatforms) = preSolution
		Debug|Any CPU = Debug|Any CPU
		Release|Any CPU = Release|Any CPU
	EndGlobalSection
	GlobalSection(ProjectConfigurationPlatforms) = postSolution
		{EE911ADC-810D-4893-9D14-CFCDF7725FA8}.Debug|Any CPU.ActiveCfg = Debug|Any CPU
		{EE911ADC-810D-4893-9D14-CFCDF7725FA8}.Debug|Any CPU.Build.0 = Debug|Any CPU
		{EE911ADC-810D-4893-9D14-CFCDF7725FA8}.Release|Any CPU.ActiveCfg = Release|Any CPU
		{EE911ADC-810D-4893-9D14-CFCDF7725FA8}.Release|Any CPU.Build.0 = Release|Any CPU
	EndGlobalSection
	GlobalSection(SolutionProperties) = preSolution
		HideSolutionNode = FALSE
	EndGlobalSection
	GlobalSection(ExtensibilityGlobals) = postSolution
		SolutionGuid = {3C191761-C40F-4215-92B7-DD9261FEA9A9}
	EndGlobalSection
EndGlobal
